// !$*UTF8*$!
{
	archiveVersion = 1;
	classes = {
	};
	objectVersion = 50;
	objects = {

/* Begin PBXBuildFile section */
		7BE4E992232AF898003B944C /* AppDelegate.swift in Sources */ = {isa = PBXBuildFile; fileRef = 7BE4E991232AF898003B944C /* AppDelegate.swift */; };
		7BE4E994232AF898003B944C /* ViewController.swift in Sources */ = {isa = PBXBuildFile; fileRef = 7BE4E993232AF898003B944C /* ViewController.swift */; };
		7BE4E997232AF898003B944C /* Main.storyboard in Resources */ = {isa = PBXBuildFile; fileRef = 7BE4E995232AF898003B944C /* Main.storyboard */; };
		7BE4E999232AF899003B944C /* Assets.xcassets in Resources */ = {isa = PBXBuildFile; fileRef = 7BE4E998232AF899003B944C /* Assets.xcassets */; };
		7BE4E99C232AF899003B944C /* LaunchScreen.storyboard in Resources */ = {isa = PBXBuildFile; fileRef = 7BE4E99A232AF899003B944C /* LaunchScreen.storyboard */; };
		7BE4E9A7232AF899003B944C /* Homework2Tests.swift in Sources */ = {isa = PBXBuildFile; fileRef = 7BE4E9A6232AF899003B944C /* Homework2Tests.swift */; };
		7BE4E9B2232AF899003B944C /* Homework2UITests.swift in Sources */ = {isa = PBXBuildFile; fileRef = 7BE4E9B1232AF899003B944C /* Homework2UITests.swift */; };
/* End PBXBuildFile section */

/* Begin PBXContainerItemProxy section */
		7BE4E9A3232AF899003B944C /* PBXContainerItemProxy */ = {
			isa = PBXContainerItemProxy;
			containerPortal = 7BE4E986232AF898003B944C /* Project object */;
			proxyType = 1;
			remoteGlobalIDString = 7BE4E98D232AF898003B944C;
			remoteInfo = Homework2;
		};
		7BE4E9AE232AF899003B944C /* PBXContainerItemProxy */ = {
			isa = PBXContainerItemProxy;
			containerPortal = 7BE4E986232AF898003B944C /* Project object */;
			proxyType = 1;
			remoteGlobalIDString = 7BE4E98D232AF898003B944C;
			remoteInfo = Homework2;
		};
/* End PBXContainerItemProxy section */

/* Begin PBXFileReference section */
		7BE4E98E232AF898003B944C /* Homework2.app */ = {isa = PBXFileReference; explicitFileType = wrapper.application; includeInIndex = 0; path = Homework2.app; sourceTree = BUILT_PRODUCTS_DIR; };
		7BE4E991232AF898003B944C /* AppDelegate.swift */ = {isa = PBXFileReference; lastKnownFileType = sourcecode.swift; path = AppDelegate.swift; sourceTree = "<group>"; };
		7BE4E993232AF898003B944C /* ViewController.swift */ = {isa = PBXFileReference; lastKnownFileType = sourcecode.swift; path = ViewController.swift; sourceTree = "<group>"; };
		7BE4E996232AF898003B944C /* Base */ = {isa = PBXFileReference; lastKnownFileType = file.storyboard; name = Base; path = Base.lproj/Main.storyboard; sourceTree = "<group>"; };
		7BE4E998232AF899003B944C /* Assets.xcassets */ = {isa = PBXFileReference; lastKnownFileType = folder.assetcatalog; path = Assets.xcassets; sourceTree = "<group>"; };
		7BE4E99B232AF899003B944C /* Base */ = {isa = PBXFileReference; lastKnownFileType = file.storyboard; name = Base; path = Base.lproj/LaunchScreen.storyboard; sourceTree = "<group>"; };
		7BE4E99D232AF899003B944C /* Info.plist */ = {isa = PBXFileReference; lastKnownFileType = text.plist.xml; path = Info.plist; sourceTree = "<group>"; };
		7BE4E9A2232AF899003B944C /* Homework2Tests.xctest */ = {isa = PBXFileReference; explicitFileType = wrapper.cfbundle; includeInIndex = 0; path = Homework2Tests.xctest; sourceTree = BUILT_PRODUCTS_DIR; };
		7BE4E9A6232AF899003B944C /* Homework2Tests.swift */ = {isa = PBXFileReference; lastKnownFileType = sourcecode.swift; path = Homework2Tests.swift; sourceTree = "<group>"; };
		7BE4E9A8232AF899003B944C /* Info.plist */ = {isa = PBXFileReference; lastKnownFileType = text.plist.xml; path = Info.plist; sourceTree = "<group>"; };
		7BE4E9AD232AF899003B944C /* Homework2UITests.xctest */ = {isa = PBXFileReference; explicitFileType = wrapper.cfbundle; includeInIndex = 0; path = Homework2UITests.xctest; sourceTree = BUILT_PRODUCTS_DIR; };
		7BE4E9B1232AF899003B944C /* Homework2UITests.swift */ = {isa = PBXFileReference; lastKnownFileType = sourcecode.swift; path = Homework2UITests.swift; sourceTree = "<group>"; };
		7BE4E9B3232AF899003B944C /* Info.plist */ = {isa = PBXFileReference; lastKnownFileType = text.plist.xml; path = Info.plist; sourceTree = "<group>"; };
/* End PBXFileReference section */

/* Begin PBXFrameworksBuildPhase section */
		7BE4E98B232AF898003B944C /* Frameworks */ = {
			isa = PBXFrameworksBuildPhase;
			buildActionMask = 2147483647;
			files = (
			);
			runOnlyForDeploymentPostprocessing = 0;
		};
		7BE4E99F232AF899003B944C /* Frameworks */ = {
			isa = PBXFrameworksBuildPhase;
			buildActionMask = 2147483647;
			files = (
			);
			runOnlyForDeploymentPostprocessing = 0;
		};
		7BE4E9AA232AF899003B944C /* Frameworks */ = {
			isa = PBXFrameworksBuildPhase;
			buildActionMask = 2147483647;
			files = (
			);
			runOnlyForDeploymentPostprocessing = 0;
		};
/* End PBXFrameworksBuildPhase section */

/* Begin PBXGroup section */
		7BE4E985232AF898003B944C = {
			isa = PBXGroup;
			children = (
				7BE4E990232AF898003B944C /* Homework2 */,
				7BE4E9A5232AF899003B944C /* Homework2Tests */,
				7BE4E9B0232AF899003B944C /* Homework2UITests */,
				7BE4E98F232AF898003B944C /* Products */,
			);
			sourceTree = "<group>";
		};
		7BE4E98F232AF898003B944C /* Products */ = {
			isa = PBXGroup;
			children = (
				7BE4E98E232AF898003B944C /* Homework2.app */,
				7BE4E9A2232AF899003B944C /* Homework2Tests.xctest */,
				7BE4E9AD232AF899003B944C /* Homework2UITests.xctest */,
			);
			name = Products;
			sourceTree = "<group>";
		};
		7BE4E990232AF898003B944C /* Homework2 */ = {
			isa = PBXGroup;
			children = (
				7BE4E991232AF898003B944C /* AppDelegate.swift */,
				7BE4E993232AF898003B944C /* ViewController.swift */,
				7BE4E995232AF898003B944C /* Main.storyboard */,
				7BE4E998232AF899003B944C /* Assets.xcassets */,
				7BE4E99A232AF899003B944C /* LaunchScreen.storyboard */,
				7BE4E99D232AF899003B944C /* Info.plist */,
			);
			path = Homework2;
			sourceTree = "<group>";
		};
		7BE4E9A5232AF899003B944C /* Homework2Tests */ = {
			isa = PBXGroup;
			children = (
				7BE4E9A6232AF899003B944C /* Homework2Tests.swift */,
				7BE4E9A8232AF899003B944C /* Info.plist */,
			);
			path = Homework2Tests;
			sourceTree = "<group>";
		};
		7BE4E9B0232AF899003B944C /* Homework2UITests */ = {
			isa = PBXGroup;
			children = (
				7BE4E9B1232AF899003B944C /* Homework2UITests.swift */,
				7BE4E9B3232AF899003B944C /* Info.plist */,
			);
			path = Homework2UITests;
			sourceTree = "<group>";
		};
/* End PBXGroup section */

/* Begin PBXNativeTarget section */
		7BE4E98D232AF898003B944C /* Homework2 */ = {
			isa = PBXNativeTarget;
			buildConfigurationList = 7BE4E9B6232AF899003B944C /* Build configuration list for PBXNativeTarget "Homework2" */;
			buildPhases = (
				7BE4E98A232AF898003B944C /* Sources */,
				7BE4E98B232AF898003B944C /* Frameworks */,
				7BE4E98C232AF898003B944C /* Resources */,
			);
			buildRules = (
			);
			dependencies = (
			);
			name = Homework2;
			productName = Homework2;
			productReference = 7BE4E98E232AF898003B944C /* Homework2.app */;
			productType = "com.apple.product-type.application";
		};
		7BE4E9A1232AF899003B944C /* Homework2Tests */ = {
			isa = PBXNativeTarget;
			buildConfigurationList = 7BE4E9B9232AF899003B944C /* Build configuration list for PBXNativeTarget "Homework2Tests" */;
			buildPhases = (
				7BE4E99E232AF899003B944C /* Sources */,
				7BE4E99F232AF899003B944C /* Frameworks */,
				7BE4E9A0232AF899003B944C /* Resources */,
			);
			buildRules = (
			);
			dependencies = (
				7BE4E9A4232AF899003B944C /* PBXTargetDependency */,
			);
			name = Homework2Tests;
			productName = Homework2Tests;
			productReference = 7BE4E9A2232AF899003B944C /* Homework2Tests.xctest */;
			productType = "com.apple.product-type.bundle.unit-test";
		};
		7BE4E9AC232AF899003B944C /* Homework2UITests */ = {
			isa = PBXNativeTarget;
			buildConfigurationList = 7BE4E9BC232AF899003B944C /* Build configuration list for PBXNativeTarget "Homework2UITests" */;
			buildPhases = (
				7BE4E9A9232AF899003B944C /* Sources */,
				7BE4E9AA232AF899003B944C /* Frameworks */,
				7BE4E9AB232AF899003B944C /* Resources */,
			);
			buildRules = (
			);
			dependencies = (
				7BE4E9AF232AF899003B944C /* PBXTargetDependency */,
			);
			name = Homework2UITests;
			productName = Homework2UITests;
			productReference = 7BE4E9AD232AF899003B944C /* Homework2UITests.xctest */;
			productType = "com.apple.product-type.bundle.ui-testing";
		};
/* End PBXNativeTarget section */

/* Begin PBXProject section */
		7BE4E986232AF898003B944C /* Project object */ = {
			isa = PBXProject;
			attributes = {
				LastSwiftUpdateCheck = 1030;
				LastUpgradeCheck = 1030;
				ORGANIZATIONNAME = "Cavan Cook";
				TargetAttributes = {
					7BE4E98D232AF898003B944C = {
						CreatedOnToolsVersion = 10.3;
					};
					7BE4E9A1232AF899003B944C = {
						CreatedOnToolsVersion = 10.3;
						TestTargetID = 7BE4E98D232AF898003B944C;
					};
					7BE4E9AC232AF899003B944C = {
						CreatedOnToolsVersion = 10.3;
						TestTargetID = 7BE4E98D232AF898003B944C;
					};
				};
			};
			buildConfigurationList = 7BE4E989232AF898003B944C /* Build configuration list for PBXProject "Homework2" */;
			compatibilityVersion = "Xcode 9.3";
			developmentRegion = en;
			hasScannedForEncodings = 0;
			knownRegions = (
				en,
				Base,
			);
			mainGroup = 7BE4E985232AF898003B944C;
			productRefGroup = 7BE4E98F232AF898003B944C /* Products */;
			projectDirPath = "";
			projectRoot = "";
			targets = (
				7BE4E98D232AF898003B944C /* Homework2 */,
				7BE4E9A1232AF899003B944C /* Homework2Tests */,
				7BE4E9AC232AF899003B944C /* Homework2UITests */,
			);
		};
/* End PBXProject section */

/* Begin PBXResourcesBuildPhase section */
		7BE4E98C232AF898003B944C /* Resources */ = {
			isa = PBXResourcesBuildPhase;
			buildActionMask = 2147483647;
			files = (
				7BE4E99C232AF899003B944C /* LaunchScreen.storyboard in Resources */,
				7BE4E999232AF899003B944C /* Assets.xcassets in Resources */,
				7BE4E997232AF898003B944C /* Main.storyboard in Resources */,
			);
			runOnlyForDeploymentPostprocessing = 0;
		};
		7BE4E9A0232AF899003B944C /* Resources */ = {
			isa = PBXResourcesBuildPhase;
			buildActionMask = 2147483647;
			files = (
			);
			runOnlyForDeploymentPostprocessing = 0;
		};
		7BE4E9AB232AF899003B944C /* Resources */ = {
			isa = PBXResourcesBuildPhase;
			buildActionMask = 2147483647;
			files = (
			);
			runOnlyForDeploymentPostprocessing = 0;
		};
/* End PBXResourcesBuildPhase section */

/* Begin PBXSourcesBuildPhase section */
		7BE4E98A232AF898003B944C /* Sources */ = {
			isa = PBXSourcesBuildPhase;
			buildActionMask = 2147483647;
			files = (
				7BE4E994232AF898003B944C /* ViewController.swift in Sources */,
				7BE4E992232AF898003B944C /* AppDelegate.swift in Sources */,
			);
			runOnlyForDeploymentPostprocessing = 0;
		};
		7BE4E99E232AF899003B944C /* Sources */ = {
			isa = PBXSourcesBuildPhase;
			buildActionMask = 2147483647;
			files = (
				7BE4E9A7232AF899003B944C /* Homework2Tests.swift in Sources */,
			);
			runOnlyForDeploymentPostprocessing = 0;
		};
		7BE4E9A9232AF899003B944C /* Sources */ = {
			isa = PBXSourcesBuildPhase;
			buildActionMask = 2147483647;
			files = (
				7BE4E9B2232AF899003B944C /* Homework2UITests.swift in Sources */,
			);
			runOnlyForDeploymentPostprocessing = 0;
		};
/* End PBXSourcesBuildPhase section */

/* Begin PBXTargetDependency section */
		7BE4E9A4232AF899003B944C /* PBXTargetDependency */ = {
			isa = PBXTargetDependency;
			target = 7BE4E98D232AF898003B944C /* Homework2 */;
			targetProxy = 7BE4E9A3232AF899003B944C /* PBXContainerItemProxy */;
		};
		7BE4E9AF232AF899003B944C /* PBXTargetDependency */ = {
			isa = PBXTargetDependency;
			target = 7BE4E98D232AF898003B944C /* Homework2 */;
			targetProxy = 7BE4E9AE232AF899003B944C /* PBXContainerItemProxy */;
		};
/* End PBXTargetDependency section */

/* Begin PBXVariantGroup section */
		7BE4E995232AF898003B944C /* Main.storyboard */ = {
			isa = PBXVariantGroup;
			children = (
				7BE4E996232AF898003B944C /* Base */,
			);
			name = Main.storyboard;
			sourceTree = "<group>";
		};
		7BE4E99A232AF899003B944C /* LaunchScreen.storyboard */ = {
			isa = PBXVariantGroup;
			children = (
				7BE4E99B232AF899003B944C /* Base */,
			);
			name = LaunchScreen.storyboard;
			sourceTree = "<group>";
		};
/* End PBXVariantGroup section */

/* Begin XCBuildConfiguration section */
		7BE4E9B4232AF899003B944C /* Debug */ = {
			isa = XCBuildConfiguration;
			buildSettings = {
				ALWAYS_SEARCH_USER_PATHS = NO;
				CLANG_ANALYZER_NONNULL = YES;
				CLANG_ANALYZER_NUMBER_OBJECT_CONVERSION = YES_AGGRESSIVE;
				CLANG_CXX_LANGUAGE_STANDARD = "gnu++14";
				CLANG_CXX_LIBRARY = "libc++";
				CLANG_ENABLE_MODULES = YES;
				CLANG_ENABLE_OBJC_ARC = YES;
				CLANG_ENABLE_OBJC_WEAK = YES;
				CLANG_WARN_BLOCK_CAPTURE_AUTORELEASING = YES;
				CLANG_WARN_BOOL_CONVERSION = YES;
				CLANG_WARN_COMMA = YES;
				CLANG_WARN_CONSTANT_CONVERSION = YES;
				CLANG_WARN_DEPRECATED_OBJC_IMPLEMENTATIONS = YES;
				CLANG_WARN_DIRECT_OBJC_ISA_USAGE = YES_ERROR;
				CLANG_WARN_DOCUMENTATION_COMMENTS = YES;
				CLANG_WARN_EMPTY_BODY = YES;
				CLANG_WARN_ENUM_CONVERSION = YES;
				CLANG_WARN_INFINITE_RECURSION = YES;
				CLANG_WARN_INT_CONVERSION = YES;
				CLANG_WARN_NON_LITERAL_NULL_CONVERSION = YES;
				CLANG_WARN_OBJC_IMPLICIT_RETAIN_SELF = YES;
				CLANG_WARN_OBJC_LITERAL_CONVERSION = YES;
				CLANG_WARN_OBJC_ROOT_CLASS = YES_ERROR;
				CLANG_WARN_RANGE_LOOP_ANALYSIS = YES;
				CLANG_WARN_STRICT_PROTOTYPES = YES;
				CLANG_WARN_SUSPICIOUS_MOVE = YES;
				CLANG_WARN_UNGUARDED_AVAILABILITY = YES_AGGRESSIVE;
				CLANG_WARN_UNREACHABLE_CODE = YES;
				CLANG_WARN__DUPLICATE_METHOD_MATCH = YES;
				CODE_SIGN_IDENTITY = "iPhone Developer";
				COPY_PHASE_STRIP = NO;
				DEBUG_INFORMATION_FORMAT = dwarf;
				ENABLE_STRICT_OBJC_MSGSEND = YES;
				ENABLE_TESTABILITY = YES;
				GCC_C_LANGUAGE_STANDARD = gnu11;
				GCC_DYNAMIC_NO_PIC = NO;
				GCC_NO_COMMON_BLOCKS = YES;
				GCC_OPTIMIZATION_LEVEL = 0;
				GCC_PREPROCESSOR_DEFINITIONS = (
					"DEBUG=1",
					"$(inherited)",
				);
				GCC_WARN_64_TO_32_BIT_CONVERSION = YES;
				GCC_WARN_ABOUT_RETURN_TYPE = YES_ERROR;
				GCC_WARN_UNDECLARED_SELECTOR = YES;
				GCC_WARN_UNINITIALIZED_AUTOS = YES_AGGRESSIVE;
				GCC_WARN_UNUSED_FUNCTION = YES;
				GCC_WARN_UNUSED_VARIABLE = YES;
				IPHONEOS_DEPLOYMENT_TARGET = 12.4;
				MTL_ENABLE_DEBUG_INFO = INCLUDE_SOURCE;
				MTL_FAST_MATH = YES;
				ONLY_ACTIVE_ARCH = YES;
				SDKROOT = iphoneos;
				SWIFT_ACTIVE_COMPILATION_CONDITIONS = DEBUG;
				SWIFT_OPTIMIZATION_LEVEL = "-Onone";
			};
			name = Debug;
		};
		7BE4E9B5232AF899003B944C /* Release */ = {
			isa = XCBuildConfiguration;
			buildSettings = {
				ALWAYS_SEARCH_USER_PATHS = NO;
				CLANG_ANALYZER_NONNULL = YES;
				CLANG_ANALYZER_NUMBER_OBJECT_CONVERSION = YES_AGGRESSIVE;
				CLANG_CXX_LANGUAGE_STANDARD = "gnu++14";
				CLANG_CXX_LIBRARY = "libc++";
				CLANG_ENABLE_MODULES = YES;
				CLANG_ENABLE_OBJC_ARC = YES;
				CLANG_ENABLE_OBJC_WEAK = YES;
				CLANG_WARN_BLOCK_CAPTURE_AUTORELEASING = YES;
				CLANG_WARN_BOOL_CONVERSION = YES;
				CLANG_WARN_COMMA = YES;
				CLANG_WARN_CONSTANT_CONVERSION = YES;
				CLANG_WARN_DEPRECATED_OBJC_IMPLEMENTATIONS = YES;
				CLANG_WARN_DIRECT_OBJC_ISA_USAGE = YES_ERROR;
				CLANG_WARN_DOCUMENTATION_COMMENTS = YES;
				CLANG_WARN_EMPTY_BODY = YES;
				CLANG_WARN_ENUM_CONVERSION = YES;
				CLANG_WARN_INFINITE_RECURSION = YES;
				CLANG_WARN_INT_CONVERSION = YES;
				CLANG_WARN_NON_LITERAL_NULL_CONVERSION = YES;
				CLANG_WARN_OBJC_IMPLICIT_RETAIN_SELF = YES;
				CLANG_WARN_OBJC_LITERAL_CONVERSION = YES;
				CLANG_WARN_OBJC_ROOT_CLASS = YES_ERROR;
				CLANG_WARN_RANGE_LOOP_ANALYSIS = YES;
				CLANG_WARN_STRICT_PROTOTYPES = YES;
				CLANG_WARN_SUSPICIOUS_MOVE = YES;
				CLANG_WARN_UNGUARDED_AVAILABILITY = YES_AGGRESSIVE;
				CLANG_WARN_UNREACHABLE_CODE = YES;
				CLANG_WARN__DUPLICATE_METHOD_MATCH = YES;
				CODE_SIGN_IDENTITY = "iPhone Developer";
				COPY_PHASE_STRIP = NO;
				DEBUG_INFORMATION_FORMAT = "dwarf-with-dsym";
				ENABLE_NS_ASSERTIONS = NO;
				ENABLE_STRICT_OBJC_MSGSEND = YES;
				GCC_C_LANGUAGE_STANDARD = gnu11;
				GCC_NO_COMMON_BLOCKS = YES;
				GCC_WARN_64_TO_32_BIT_CONVERSION = YES;
				GCC_WARN_ABOUT_RETURN_TYPE = YES_ERROR;
				GCC_WARN_UNDECLARED_SELECTOR = YES;
				GCC_WARN_UNINITIALIZED_AUTOS = YES_AGGRESSIVE;
				GCC_WARN_UNUSED_FUNCTION = YES;
				GCC_WARN_UNUSED_VARIABLE = YES;
				IPHONEOS_DEPLOYMENT_TARGET = 12.4;
				MTL_ENABLE_DEBUG_INFO = NO;
				MTL_FAST_MATH = YES;
				SDKROOT = iphoneos;
				SWIFT_COMPILATION_MODE = wholemodule;
				SWIFT_OPTIMIZATION_LEVEL = "-O";
				VALIDATE_PRODUCT = YES;
			};
			name = Release;
		};
		7BE4E9B7232AF899003B944C /* Debug */ = {
			isa = XCBuildConfiguration;
			buildSettings = {
				ASSETCATALOG_COMPILER_APPICON_NAME = AppIcon;
				CODE_SIGN_STYLE = Automatic;
				INFOPLIST_FILE = Homework2/Info.plist;
				LD_RUNPATH_SEARCH_PATHS = (
					"$(inherited)",
					"@executable_path/Frameworks",
				);
				PRODUCT_BUNDLE_IDENTIFIER = "Z-Progams.Homework2";
				PRODUCT_NAME = "$(TARGET_NAME)";
				SWIFT_VERSION = 5.0;
				TARGETED_DEVICE_FAMILY = "1,2";
			};
			name = Debug;
		};
		7BE4E9B8232AF899003B944C /* Release */ = {
			isa = XCBuildConfiguration;
			buildSettings = {
				ASSETCATALOG_COMPILER_APPICON_NAME = AppIcon;
				CODE_SIGN_STYLE = Automatic;
				INFOPLIST_FILE = Homework2/Info.plist;
				LD_RUNPATH_SEARCH_PATHS = (
					"$(inherited)",
					"@executable_path/Frameworks",
				);
				PRODUCT_BUNDLE_IDENTIFIER = "Z-Progams.Homework2";
				PRODUCT_NAME = "$(TARGET_NAME)";
				SWIFT_VERSION = 5.0;
				TARGETED_DEVICE_FAMILY = "1,2";
			};
			name = Release;
		};
		7BE4E9BA232AF899003B944C /* Debug */ = {
			isa = XCBuildConfiguration;
			buildSettings = {
				ALWAYS_EMBED_SWIFT_STANDARD_LIBRARIES = YES;
				BUNDLE_LOADER = "$(TEST_HOST)";
				CODE_SIGN_STYLE = Automatic;
				INFOPLIST_FILE = Homework2Tests/Info.plist;
				LD_RUNPATH_SEARCH_PATHS = (
					"$(inherited)",
					"@executable_path/Frameworks",
					"@loader_path/Frameworks",
				);
				PRODUCT_BUNDLE_IDENTIFIER = "Z-Progams.Homework2Tests";
				PRODUCT_NAME = "$(TARGET_NAME)";
				SWIFT_VERSION = 5.0;
				TARGETED_DEVICE_FAMILY = "1,2";
				TEST_HOST = "$(BUILT_PRODUCTS_DIR)/Homework2.app/Homework2";
			};
			name = Debug;
		};
		7BE4E9BB232AF899003B944C /* Release */ = {
			isa = XCBuildConfiguration;
			buildSettings = {
				ALWAYS_EMBED_SWIFT_STANDARD_LIBRARIES = YES;
				BUNDLE_LOADER = "$(TEST_HOST)";
				CODE_SIGN_STYLE = Automatic;
				INFOPLIST_FILE = Homework2Tests/Info.plist;
				LD_RUNPATH_SEARCH_PATHS = (
					"$(inherited)",
					"@executable_path/Frameworks",
					"@loader_path/Frameworks",
				);
				PRODUCT_BUNDLE_IDENTIFIER = "Z-Progams.Homework2Tests";
				PRODUCT_NAME = "$(TARGET_NAME)";
				SWIFT_VERSION = 5.0;
				TARGETED_DEVICE_FAMILY = "1,2";
				TEST_HOST = "$(BUILT_PRODUCTS_DIR)/Homework2.app/Homework2";
			};
			name = Release;
		};
		7BE4E9BD232AF899003B944C /* Debug */ = {
			isa = XCBuildConfiguration;
			buildSettings = {
				ALWAYS_EMBED_SWIFT_STANDARD_LIBRARIES = YES;
				CODE_SIGN_STYLE = Automatic;
				INFOPLIST_FILE = Homework2UITests/Info.plist;
				LD_RUNPATH_SEARCH_PATHS = (
					"$(inherited)",
					"@executable_path/Frameworks",
					"@loader_path/Frameworks",
				);
				PRODUCT_BUNDLE_IDENTIFIER = "Z-Progams.Homework2UITests";
				PRODUCT_NAME = "$(TARGET_NAME)";
				SWIFT_VERSION = 5.0;
				TARGETED_DEVICE_FAMILY = "1,2";
				TEST_TARGET_NAME = Homework2;
			};
			name = Debug;
		};
		7BE4E9BE232AF899003B944C /* Release */ = {
			isa = XCBuildConfiguration;
			buildSettings = {
				ALWAYS_EMBED_SWIFT_STANDARD_LIBRARIES = YES;
				CODE_SIGN_STYLE = Automatic;
				INFOPLIST_FILE = Homework2UITests/Info.plist;
				LD_RUNPATH_SEARCH_PATHS = (
					"$(inherited)",
					"@executable_path/Frameworks",
					"@loader_path/Frameworks",
				);
				PRODUCT_BUNDLE_IDENTIFIER = "Z-Progams.Homework2UITests";
				PRODUCT_NAME = "$(TARGET_NAME)";
				SWIFT_VERSION = 5.0;
				TARGETED_DEVICE_FAMILY = "1,2";
				TEST_TARGET_NAME = Homework2;
			};
			name = Release;
		};
/* End XCBuildConfiguration section */

/* Begin XCConfigurationList section */
		7BE4E989232AF898003B944C /* Build configuration list for PBXProject "Homework2" */ = {
			isa = XCConfigurationList;
			buildConfigurations = (
				7BE4E9B4232AF899003B944C /* Debug */,
				7BE4E9B5232AF899003B944C /* Release */,
			);
			defaultConfigurationIsVisible = 0;
			defaultConfigurationName = Release;
		};
		7BE4E9B6232AF899003B944C /* Build configuration list for PBXNativeTarget "Homework2" */ = {
			isa = XCConfigurationList;
			buildConfigurations = (
				7BE4E9B7232AF899003B944C /* Debug */,
				7BE4E9B8232AF899003B944C /* Release */,
			);
			defaultConfigurationIsVisible = 0;
			defaultConfigurationName = Release;
		};
		7BE4E9B9232AF899003B944C /* Build configuration list for PBXNativeTarget "Homework2Tests" */ = {
			isa = XCConfigurationList;
			buildConfigurations = (
				7BE4E9BA232AF899003B944C /* Debug */,
				7BE4E9BB232AF899003B944C /* Release */,
			);
			defaultConfigurationIsVisible = 0;
			defaultConfigurationName = Release;
		};
		7BE4E9BC232AF899003B944C /* Build configuration list for PBXNativeTarget "Homework2UITests" */ = {
			isa = XCConfigurationList;
			buildConfigurations = (
				7BE4E9BD232AF899003B944C /* Debug */,
				7BE4E9BE232AF899003B944C /* Release */,
			);
			defaultConfigurationIsVisible = 0;
			defaultConfigurationName = Release;
		};
/* End XCConfigurationList section */
	};
	rootObject = 7BE4E986232AF898003B944C /* Project object */;
}
